
Microsoft Visual Studio Solution File, Format Version 12.00
# Visual Studio 2012
Project("{FAE04EC0-301F-11D3-BF4B-00C04F79EFBC}") = "Sudoku", "Sudoku.csproj", "{845B5BBD-1EBC-4F0F-8E10-A394045F53BF}"
EndProject
Project("{FAE04EC0-301F-11D3-BF4B-00C04F79EFBC}") = "Mechanics", "..\Mechanics\Mechanics.csproj", "{DB16E5B5-F321-4FB6-9B2D-44BFE258F2F0}"
EndProject
Project("{FAE04EC0-301F-11D3-BF4B-00C04F79EFBC}") = "Tests", "..\Tests\Tests.csproj", "{9AB8BE22-B908-41FB-A3F2-916616D25ACC}"
EndProject
Project("{2150E333-8FDC-42A3-9474-1A3956D46DE8}") = ".nuget", ".nuget", "{86B23E26-93A8-4536-ADE8-2EE7F47B88EF}"
	ProjectSection(SolutionItems) = preProject
		.nuget\NuGet.Config = .nuget\NuGet.Config
		.nuget\NuGet.exe = .nuget\NuGet.exe
		.nuget\NuGet.targets = .nuget\NuGet.targets
	EndProjectSection
EndProject
Project("{FAE04EC0-301F-11D3-BF4B-00C04F79EFBC}") = "ViewModel", "..\ViewModel\ViewModel.csproj", "{B54B05DC-BD4F-443A-9870-039F7E3245BB}"
EndProject
Global
	GlobalSection(SolutionConfigurationPlatforms) = preSolution
		Debug|Any CPU = Debug|Any CPU
		Release|Any CPU = Release|Any CPU
	EndGlobalSection
	GlobalSection(ProjectConfigurationPlatforms) = postSolution
		{845B5BBD-1EBC-4F0F-8E10-A394045F53BF}.Debug|Any CPU.ActiveCfg = Debug|Any CPU
		{845B5BBD-1EBC-4F0F-8E10-A394045F53BF}.Debug|Any CPU.Build.0 = Debug|Any CPU
		{845B5BBD-1EBC-4F0F-8E10-A394045F53BF}.Release|Any CPU.ActiveCfg = Release|Any CPU
		{845B5BBD-1EBC-4F0F-8E10-A394045F53BF}.Release|Any CPU.Build.0 = Release|Any CPU
		{DB16E5B5-F321-4FB6-9B2D-44BFE258F2F0}.Debug|Any CPU.ActiveCfg = Debug|Any CPU
		{DB16E5B5-F321-4FB6-9B2D-44BFE258F2F0}.Debug|Any CPU.Build.0 = Debug|Any CPU
		{DB16E5B5-F321-4FB6-9B2D-44BFE258F2F0}.Release|Any CPU.ActiveCfg = Release|Any CPU
		{DB16E5B5-F321-4FB6-9B2D-44BFE258F2F0}.Release|Any CPU.Build.0 = Release|Any CPU
		{9AB8BE22-B908-41FB-A3F2-916616D25ACC}.Debug|Any CPU.ActiveCfg = Debug|Any CPU
		{9AB8BE22-B908-41FB-A3F2-916616D25ACC}.Debug|Any CPU.Build.0 = Debug|Any CPU
		{9AB8BE22-B908-41FB-A3F2-916616D25ACC}.Release|Any CPU.ActiveCfg = Release|Any CPU
		{9AB8BE22-B908-41FB-A3F2-916616D25ACC}.Release|Any CPU.Build.0 = Release|Any CPU
		{B54B05DC-BD4F-443A-9870-039F7E3245BB}.Debug|Any CPU.ActiveCfg = Debug|Any CPU
		{B54B05DC-BD4F-443A-9870-039F7E3245BB}.Debug|Any CPU.Build.0 = Debug|Any CPU
		{B54B05DC-BD4F-443A-9870-039F7E3245BB}.Release|Any CPU.ActiveCfg = Release|Any CPU
		{B54B05DC-BD4F-443A-9870-039F7E3245BB}.Release|Any CPU.Build.0 = Release|Any CPU
	EndGlobalSection
	GlobalSection(SolutionProperties) = preSolution
		HideSolutionNode = FALSE
	EndGlobalSection
EndGlobal
